// !$*UTF8*$!
{
	archiveVersion = 1;
	classes = {
	};
	objectVersion = 46;
	objects = {

/* Begin PBXBuildFile section */
		5CCA21EB1C3AA0BD005FDA9A /* AppDelegate.swift in Sources */ = {isa = PBXBuildFile; fileRef = 5CCA21EA1C3AA0BD005FDA9A /* AppDelegate.swift */; };
		5CCA21ED1C3AA0BD005FDA9A /* ViewController.swift in Sources */ = {isa = PBXBuildFile; fileRef = 5CCA21EC1C3AA0BD005FDA9A /* ViewController.swift */; };
		5CCA21F01C3AA0BD005FDA9A /* Main.storyboard in Resources */ = {isa = PBXBuildFile; fileRef = 5CCA21EE1C3AA0BD005FDA9A /* Main.storyboard */; };
		5CCA21F21C3AA0BD005FDA9A /* Assets.xcassets in Resources */ = {isa = PBXBuildFile; fileRef = 5CCA21F11C3AA0BD005FDA9A /* Assets.xcassets */; };
		5CCA21F51C3AA0BD005FDA9A /* LaunchScreen.storyboard in Resources */ = {isa = PBXBuildFile; fileRef = 5CCA21F31C3AA0BD005FDA9A /* LaunchScreen.storyboard */; };
		5CCA22001C3AA0BD005FDA9A /* DReamAppFinalTests.swift in Sources */ = {isa = PBXBuildFile; fileRef = 5CCA21FF1C3AA0BD005FDA9A /* DReamAppFinalTests.swift */; };
		5CCA220B1C3AA0BD005FDA9A /* DReamAppFinalUITests.swift in Sources */ = {isa = PBXBuildFile; fileRef = 5CCA220A1C3AA0BD005FDA9A /* DReamAppFinalUITests.swift */; };
/* End PBXBuildFile section */

/* Begin PBXContainerItemProxy section */
		5CCA21FC1C3AA0BD005FDA9A /* PBXContainerItemProxy */ = {
			isa = PBXContainerItemProxy;
			containerPortal = 5CCA21DF1C3AA0BD005FDA9A /* Project object */;
			proxyType = 1;
			remoteGlobalIDString = 5CCA21E61C3AA0BD005FDA9A;
			remoteInfo = DReamAppFinal;
		};
		5CCA22071C3AA0BD005FDA9A /* PBXContainerItemProxy */ = {
			isa = PBXContainerItemProxy;
			containerPortal = 5CCA21DF1C3AA0BD005FDA9A /* Project object */;
			proxyType = 1;
			remoteGlobalIDString = 5CCA21E61C3AA0BD005FDA9A;
			remoteInfo = DReamAppFinal;
		};
/* End PBXContainerItemProxy section */

/* Begin PBXFileReference section */
		5CCA21E71C3AA0BD005FDA9A /* DReamAppFinal.app */ = {isa = PBXFileReference; explicitFileType = wrapper.application; includeInIndex = 0; path = DReamAppFinal.app; sourceTree = BUILT_PRODUCTS_DIR; };
		5CCA21EA1C3AA0BD005FDA9A /* AppDelegate.swift */ = {isa = PBXFileReference; lastKnownFileType = sourcecode.swift; path = AppDelegate.swift; sourceTree = "<group>"; };
		5CCA21EC1C3AA0BD005FDA9A /* ViewController.swift */ = {isa = PBXFileReference; lastKnownFileType = sourcecode.swift; path = ViewController.swift; sourceTree = "<group>"; };
		5CCA21EF1C3AA0BD005FDA9A /* Base */ = {isa = PBXFileReference; lastKnownFileType = file.storyboard; name = Base; path = Base.lproj/Main.storyboard; sourceTree = "<group>"; };
		5CCA21F11C3AA0BD005FDA9A /* Assets.xcassets */ = {isa = PBXFileReference; lastKnownFileType = folder.assetcatalog; path = Assets.xcassets; sourceTree = "<group>"; };
		5CCA21F41C3AA0BD005FDA9A /* Base */ = {isa = PBXFileReference; lastKnownFileType = file.storyboard; name = Base; path = Base.lproj/LaunchScreen.storyboard; sourceTree = "<group>"; };
		5CCA21F61C3AA0BD005FDA9A /* Info.plist */ = {isa = PBXFileReference; lastKnownFileType = text.plist.xml; path = Info.plist; sourceTree = "<group>"; };
		5CCA21FB1C3AA0BD005FDA9A /* DReamAppFinalTests.xctest */ = {isa = PBXFileReference; explicitFileType = wrapper.cfbundle; includeInIndex = 0; path = DReamAppFinalTests.xctest; sourceTree = BUILT_PRODUCTS_DIR; };
		5CCA21FF1C3AA0BD005FDA9A /* DReamAppFinalTests.swift */ = {isa = PBXFileReference; lastKnownFileType = sourcecode.swift; path = DReamAppFinalTests.swift; sourceTree = "<group>"; };
		5CCA22011C3AA0BD005FDA9A /* Info.plist */ = {isa = PBXFileReference; lastKnownFileType = text.plist.xml; path = Info.plist; sourceTree = "<group>"; };
		5CCA22061C3AA0BD005FDA9A /* DReamAppFinalUITests.xctest */ = {isa = PBXFileReference; explicitFileType = wrapper.cfbundle; includeInIndex = 0; path = DReamAppFinalUITests.xctest; sourceTree = BUILT_PRODUCTS_DIR; };
		5CCA220A1C3AA0BD005FDA9A /* DReamAppFinalUITests.swift */ = {isa = PBXFileReference; lastKnownFileType = sourcecode.swift; path = DReamAppFinalUITests.swift; sourceTree = "<group>"; };
		5CCA220C1C3AA0BD005FDA9A /* Info.plist */ = {isa = PBXFileReference; lastKnownFileType = text.plist.xml; path = Info.plist; sourceTree = "<group>"; };
/* End PBXFileReference section */

/* Begin PBXFrameworksBuildPhase section */
		5CCA21E41C3AA0BD005FDA9A /* Frameworks */ = {
			isa = PBXFrameworksBuildPhase;
			buildActionMask = 2147483647;
			files = (
			);
			runOnlyForDeploymentPostprocessing = 0;
		};
		5CCA21F81C3AA0BD005FDA9A /* Frameworks */ = {
			isa = PBXFrameworksBuildPhase;
			buildActionMask = 2147483647;
			files = (
			);
			runOnlyForDeploymentPostprocessing = 0;
		};
		5CCA22031C3AA0BD005FDA9A /* Frameworks */ = {
			isa = PBXFrameworksBuildPhase;
			buildActionMask = 2147483647;
			files = (
			);
			runOnlyForDeploymentPostprocessing = 0;
		};
/* End PBXFrameworksBuildPhase section */

/* Begin PBXGroup section */
		5CCA21DE1C3AA0BD005FDA9A = {
			isa = PBXGroup;
			children = (
				5CCA21E91C3AA0BD005FDA9A /* DReamAppFinal */,
				5CCA21FE1C3AA0BD005FDA9A /* DReamAppFinalTests */,
				5CCA22091C3AA0BD005FDA9A /* DReamAppFinalUITests */,
				5CCA21E81C3AA0BD005FDA9A /* Products */,
			);
			sourceTree = "<group>";
		};
		5CCA21E81C3AA0BD005FDA9A /* Products */ = {
			isa = PBXGroup;
			children = (
				5CCA21E71C3AA0BD005FDA9A /* DReamAppFinal.app */,
				5CCA21FB1C3AA0BD005FDA9A /* DReamAppFinalTests.xctest */,
				5CCA22061C3AA0BD005FDA9A /* DReamAppFinalUITests.xctest */,
			);
			name = Products;
			sourceTree = "<group>";
		};
		5CCA21E91C3AA0BD005FDA9A /* DReamAppFinal */ = {
			isa = PBXGroup;
			children = (
				5CCA21EA1C3AA0BD005FDA9A /* AppDelegate.swift */,
				5CCA21EC1C3AA0BD005FDA9A /* ViewController.swift */,
				5CCA21EE1C3AA0BD005FDA9A /* Main.storyboard */,
				5CCA21F11C3AA0BD005FDA9A /* Assets.xcassets */,
				5CCA21F31C3AA0BD005FDA9A /* LaunchScreen.storyboard */,
				5CCA21F61C3AA0BD005FDA9A /* Info.plist */,
			);
			path = DReamAppFinal;
			sourceTree = "<group>";
		};
		5CCA21FE1C3AA0BD005FDA9A /* DReamAppFinalTests */ = {
			isa = PBXGroup;
			children = (
				5CCA21FF1C3AA0BD005FDA9A /* DReamAppFinalTests.swift */,
				5CCA22011C3AA0BD005FDA9A /* Info.plist */,
			);
			path = DReamAppFinalTests;
			sourceTree = "<group>";
		};
		5CCA22091C3AA0BD005FDA9A /* DReamAppFinalUITests */ = {
			isa = PBXGroup;
			children = (
				5CCA220A1C3AA0BD005FDA9A /* DReamAppFinalUITests.swift */,
				5CCA220C1C3AA0BD005FDA9A /* Info.plist */,
			);
			path = DReamAppFinalUITests;
			sourceTree = "<group>";
		};
/* End PBXGroup section */

/* Begin PBXNativeTarget section */
		5CCA21E61C3AA0BD005FDA9A /* DReamAppFinal */ = {
			isa = PBXNativeTarget;
			buildConfigurationList = 5CCA220F1C3AA0BD005FDA9A /* Build configuration list for PBXNativeTarget "DReamAppFinal" */;
			buildPhases = (
				5CCA21E31C3AA0BD005FDA9A /* Sources */,
				5CCA21E41C3AA0BD005FDA9A /* Frameworks */,
				5CCA21E51C3AA0BD005FDA9A /* Resources */,
			);
			buildRules = (
			);
			dependencies = (
			);
			name = DReamAppFinal;
			productName = DReamAppFinal;
			productReference = 5CCA21E71C3AA0BD005FDA9A /* DReamAppFinal.app */;
			productType = "com.apple.product-type.application";
		};
		5CCA21FA1C3AA0BD005FDA9A /* DReamAppFinalTests */ = {
			isa = PBXNativeTarget;
			buildConfigurationList = 5CCA22121C3AA0BD005FDA9A /* Build configuration list for PBXNativeTarget "DReamAppFinalTests" */;
			buildPhases = (
				5CCA21F71C3AA0BD005FDA9A /* Sources */,
				5CCA21F81C3AA0BD005FDA9A /* Frameworks */,
				5CCA21F91C3AA0BD005FDA9A /* Resources */,
			);
			buildRules = (
			);
			dependencies = (
				5CCA21FD1C3AA0BD005FDA9A /* PBXTargetDependency */,
			);
			name = DReamAppFinalTests;
			productName = DReamAppFinalTests;
			productReference = 5CCA21FB1C3AA0BD005FDA9A /* DReamAppFinalTests.xctest */;
			productType = "com.apple.product-type.bundle.unit-test";
		};
		5CCA22051C3AA0BD005FDA9A /* DReamAppFinalUITests */ = {
			isa = PBXNativeTarget;
			buildConfigurationList = 5CCA22151C3AA0BD005FDA9A /* Build configuration list for PBXNativeTarget "DReamAppFinalUITests" */;
			buildPhases = (
				5CCA22021C3AA0BD005FDA9A /* Sources */,
				5CCA22031C3AA0BD005FDA9A /* Frameworks */,
				5CCA22041C3AA0BD005FDA9A /* Resources */,
			);
			buildRules = (
			);
			dependencies = (
				5CCA22081C3AA0BD005FDA9A /* PBXTargetDependency */,
			);
			name = DReamAppFinalUITests;
			productName = DReamAppFinalUITests;
			productReference = 5CCA22061C3AA0BD005FDA9A /* DReamAppFinalUITests.xctest */;
			productType = "com.apple.product-type.bundle.ui-testing";
		};
/* End PBXNativeTarget section */

/* Begin PBXProject section */
		5CCA21DF1C3AA0BD005FDA9A /* Project object */ = {
			isa = PBXProject;
			attributes = {
				LastSwiftUpdateCheck = 0720;
				LastUpgradeCheck = 0720;
				ORGANIZATIONNAME = "Ahmed Rabieh";
				TargetAttributes = {
					5CCA21E61C3AA0BD005FDA9A = {
						CreatedOnToolsVersion = 7.2;
						DevelopmentTeam = 3EAJZ2TE26;
					};
					5CCA21FA1C3AA0BD005FDA9A = {
						CreatedOnToolsVersion = 7.2;
						TestTargetID = 5CCA21E61C3AA0BD005FDA9A;
					};
					5CCA22051C3AA0BD005FDA9A = {
						CreatedOnToolsVersion = 7.2;
						TestTargetID = 5CCA21E61C3AA0BD005FDA9A;
					};
				};
			};
			buildConfigurationList = 5CCA21E21C3AA0BD005FDA9A /* Build configuration list for PBXProject "DReamAppFinal" */;
			compatibilityVersion = "Xcode 3.2";
			developmentRegion = English;
			hasScannedForEncodings = 0;
			knownRegions = (
				en,
				Base,
			);
			mainGroup = 5CCA21DE1C3AA0BD005FDA9A;
			productRefGroup = 5CCA21E81C3AA0BD005FDA9A /* Products */;
			projectDirPath = "";
			projectRoot = "";
			targets = (
				5CCA21E61C3AA0BD005FDA9A /* DReamAppFinal */,
				5CCA21FA1C3AA0BD005FDA9A /* DReamAppFinalTests */,
				5CCA22051C3AA0BD005FDA9A /* DReamAppFinalUITests */,
			);
		};
/* End PBXProject section */

/* Begin PBXResourcesBuildPhase section */
		5CCA21E51C3AA0BD005FDA9A /* Resources */ = {
			isa = PBXResourcesBuildPhase;
			buildActionMask = 2147483647;
			files = (
				5CCA21F51C3AA0BD005FDA9A /* LaunchScreen.storyboard in Resources */,
				5CCA21F21C3AA0BD005FDA9A /* Assets.xcassets in Resources */,
				5CCA21F01C3AA0BD005FDA9A /* Main.storyboard in Resources */,
			);
			runOnlyForDeploymentPostprocessing = 0;
		};
		5CCA21F91C3AA0BD005FDA9A /* Resources */ = {
			isa = PBXResourcesBuildPhase;
			buildActionMask = 2147483647;
			files = (
			);
			runOnlyForDeploymentPostprocessing = 0;
		};
		5CCA22041C3AA0BD005FDA9A /* Resources */ = {
			isa = PBXResourcesBuildPhase;
			buildActionMask = 2147483647;
			files = (
			);
			runOnlyForDeploymentPostprocessing = 0;
		};
/* End PBXResourcesBuildPhase section */

/* Begin PBXSourcesBuildPhase section */
		5CCA21E31C3AA0BD005FDA9A /* Sources */ = {
			isa = PBXSourcesBuildPhase;
			buildActionMask = 2147483647;
			files = (
				5CCA21ED1C3AA0BD005FDA9A /* ViewController.swift in Sources */,
				5CCA21EB1C3AA0BD005FDA9A /* AppDelegate.swift in Sources */,
			);
			runOnlyForDeploymentPostprocessing = 0;
		};
		5CCA21F71C3AA0BD005FDA9A /* Sources */ = {
			isa = PBXSourcesBuildPhase;
			buildActionMask = 2147483647;
			files = (
				5CCA22001C3AA0BD005FDA9A /* DReamAppFinalTests.swift in Sources */,
			);
			runOnlyForDeploymentPostprocessing = 0;
		};
		5CCA22021C3AA0BD005FDA9A /* Sources */ = {
			isa = PBXSourcesBuildPhase;
			buildActionMask = 2147483647;
			files = (
				5CCA220B1C3AA0BD005FDA9A /* DReamAppFinalUITests.swift in Sources */,
			);
			runOnlyForDeploymentPostprocessing = 0;
		};
/* End PBXSourcesBuildPhase section */

/* Begin PBXTargetDependency section */
		5CCA21FD1C3AA0BD005FDA9A /* PBXTargetDependency */ = {
			isa = PBXTargetDependency;
			target = 5CCA21E61C3AA0BD005FDA9A /* DReamAppFinal */;
			targetProxy = 5CCA21FC1C3AA0BD005FDA9A /* PBXContainerItemProxy */;
		};
		5CCA22081C3AA0BD005FDA9A /* PBXTargetDependency */ = {
			isa = PBXTargetDependency;
			target = 5CCA21E61C3AA0BD005FDA9A /* DReamAppFinal */;
			targetProxy = 5CCA22071C3AA0BD005FDA9A /* PBXContainerItemProxy */;
		};
/* End PBXTargetDependency section */

/* Begin PBXVariantGroup section */
		5CCA21EE1C3AA0BD005FDA9A /* Main.storyboard */ = {
			isa = PBXVariantGroup;
			children = (
				5CCA21EF1C3AA0BD005FDA9A /* Base */,
			);
			name = Main.storyboard;
			sourceTree = "<group>";
		};
		5CCA21F31C3AA0BD005FDA9A /* LaunchScreen.storyboard */ = {
			isa = PBXVariantGroup;
			children = (
				5CCA21F41C3AA0BD005FDA9A /* Base */,
			);
			name = LaunchScreen.storyboard;
			sourceTree = "<group>";
		};
/* End PBXVariantGroup section */

/* Begin XCBuildConfiguration section */
		5CCA220D1C3AA0BD005FDA9A /* Debug */ = {
			isa = XCBuildConfiguration;
			buildSettings = {
				ALWAYS_SEARCH_USER_PATHS = NO;
				CLANG_CXX_LANGUAGE_STANDARD = "gnu++0x";
				CLANG_CXX_LIBRARY = "libc++";
				CLANG_ENABLE_MODULES = YES;
				CLANG_ENABLE_OBJC_ARC = YES;
				CLANG_WARN_BOOL_CONVERSION = YES;
				CLANG_WARN_CONSTANT_CONVERSION = YES;
				CLANG_WARN_DIRECT_OBJC_ISA_USAGE = YES_ERROR;
				CLANG_WARN_EMPTY_BODY = YES;
				CLANG_WARN_ENUM_CONVERSION = YES;
				CLANG_WARN_INT_CONVERSION = YES;
				CLANG_WARN_OBJC_ROOT_CLASS = YES_ERROR;
				CLANG_WARN_UNREACHABLE_CODE = YES;
				CLANG_WARN__DUPLICATE_METHOD_MATCH = YES;
				"CODE_SIGN_IDENTITY[sdk=iphoneos*]" = "iPhone Developer";
				COPY_PHASE_STRIP = NO;
				DEBUG_INFORMATION_FORMAT = dwarf;
				ENABLE_STRICT_OBJC_MSGSEND = YES;
				ENABLE_TESTABILITY = YES;
				GCC_C_LANGUAGE_STANDARD = gnu99;
				GCC_DYNAMIC_NO_PIC = NO;
				GCC_NO_COMMON_BLOCKS = YES;
				GCC_OPTIMIZATION_LEVEL = 0;
				GCC_PREPROCESSOR_DEFINITIONS = (
					"DEBUG=1",
					"$(inherited)",
				);
				GCC_WARN_64_TO_32_BIT_CONVERSION = YES;
				GCC_WARN_ABOUT_RETURN_TYPE = YES_ERROR;
				GCC_WARN_UNDECLARED_SELECTOR = YES;
				GCC_WARN_UNINITIALIZED_AUTOS = YES_AGGRESSIVE;
				GCC_WARN_UNUSED_FUNCTION = YES;
				GCC_WARN_UNUSED_VARIABLE = YES;
				IPHONEOS_DEPLOYMENT_TARGET = 9.2;
				MTL_ENABLE_DEBUG_INFO = YES;
				ONLY_ACTIVE_ARCH = YES;
				SDKROOT = iphoneos;
				SWIFT_OPTIMIZATION_LEVEL = "-Onone";
				TARGETED_DEVICE_FAMILY = "1,2";
			};
			name = Debug;
		};
		5CCA220E1C3AA0BD005FDA9A /* Release */ = {
			isa = XCBuildConfiguration;
			buildSettings = {
				ALWAYS_SEARCH_USER_PATHS = NO;
				CLANG_CXX_LANGUAGE_STANDARD = "gnu++0x";
				CLANG_CXX_LIBRARY = "libc++";
				CLANG_ENABLE_MODULES = YES;
				CLANG_ENABLE_OBJC_ARC = YES;
				CLANG_WARN_BOOL_CONVERSION = YES;
				CLANG_WARN_CONSTANT_CONVERSION = YES;
				CLANG_WARN_DIRECT_OBJC_ISA_USAGE = YES_ERROR;
				CLANG_WARN_EMPTY_BODY = YES;
				CLANG_WARN_ENUM_CONVERSION = YES;
				CLANG_WARN_INT_CONVERSION = YES;
				CLANG_WARN_OBJC_ROOT_CLASS = YES_ERROR;
				CLANG_WARN_UNREACHABLE_CODE = YES;
				CLANG_WARN__DUPLICATE_METHOD_MATCH = YES;
				"CODE_SIGN_IDENTITY[sdk=iphoneos*]" = "iPhone Developer";
				COPY_PHASE_STRIP = NO;
				DEBUG_INFORMATION_FORMAT = "dwarf-with-dsym";
				ENABLE_NS_ASSERTIONS = NO;
				ENABLE_STRICT_OBJC_MSGSEND = YES;
				GCC_C_LANGUAGE_STANDARD = gnu99;
				GCC_NO_COMMON_BLOCKS = YES;
				GCC_WARN_64_TO_32_BIT_CONVERSION = YES;
				GCC_WARN_ABOUT_RETURN_TYPE = YES_ERROR;
				GCC_WARN_UNDECLARED_SELECTOR = YES;
				GCC_WARN_UNINITIALIZED_AUTOS = YES_AGGRESSIVE;
				GCC_WARN_UNUSED_FUNCTION = YES;
				GCC_WARN_UNUSED_VARIABLE = YES;
				IPHONEOS_DEPLOYMENT_TARGET = 9.2;
				MTL_ENABLE_DEBUG_INFO = NO;
				SDKROOT = iphoneos;
				TARGETED_DEVICE_FAMILY = "1,2";
				VALIDATE_PRODUCT = YES;
			};
			name = Release;
		};
		5CCA22101C3AA0BD005FDA9A /* Debug */ = {
			isa = XCBuildConfiguration;
			buildSettings = {
				ASSETCATALOG_COMPILER_APPICON_NAME = AppIcon;
				CODE_SIGN_IDENTITY = "iPhone Developer";
				INFOPLIST_FILE = DReamAppFinal/Info.plist;
				IPHONEOS_DEPLOYMENT_TARGET = 9.1;
				LD_RUNPATH_SEARCH_PATHS = "$(inherited) @executable_path/Frameworks";
				PRODUCT_BUNDLE_IDENTIFIER = pfizer.DReamAppFinal;
				PRODUCT_NAME = "$(TARGET_NAME)";
			};
			name = Debug;
		};
		5CCA22111C3AA0BD005FDA9A /* Release */ = {
			isa = XCBuildConfiguration;
			buildSettings = {
				ASSETCATALOG_COMPILER_APPICON_NAME = AppIcon;
				CODE_SIGN_IDENTITY = "iPhone Developer";
				INFOPLIST_FILE = DReamAppFinal/Info.plist;
				IPHONEOS_DEPLOYMENT_TARGET = 9.1;
				LD_RUNPATH_SEARCH_PATHS = "$(inherited) @executable_path/Frameworks";
				PRODUCT_BUNDLE_IDENTIFIER = pfizer.DReamAppFinal;
				PRODUCT_NAME = "$(TARGET_NAME)";
			};
			name = Release;
		};
		5CCA22131C3AA0BD005FDA9A /* Debug */ = {
			isa = XCBuildConfiguration;
			buildSettings = {
				BUNDLE_LOADER = "$(TEST_HOST)";
				INFOPLIST_FILE = DReamAppFinalTests/Info.plist;
				LD_RUNPATH_SEARCH_PATHS = "$(inherited) @executable_path/Frameworks @loader_path/Frameworks";
				PRODUCT_BUNDLE_IDENTIFIER = pfizer.DReamAppFinalTests;
				PRODUCT_NAME = "$(TARGET_NAME)";
				TEST_HOST = "$(BUILT_PRODUCTS_DIR)/DReamAppFinal.app/DReamAppFinal";
			};
			name = Debug;
		};
		5CCA22141C3AA0BD005FDA9A /* Release */ = {
			isa = XCBuildConfiguration;
			buildSettings = {
				BUNDLE_LOADER = "$(TEST_HOST)";
				INFOPLIST_FILE = DReamAppFinalTests/Info.plist;
				LD_RUNPATH_SEARCH_PATHS = "$(inherited) @executable_path/Frameworks @loader_path/Frameworks";
				PRODUCT_BUNDLE_IDENTIFIER = pfizer.DReamAppFinalTests;
				PRODUCT_NAME = "$(TARGET_NAME)";
				TEST_HOST = "$(BUILT_PRODUCTS_DIR)/DReamAppFinal.app/DReamAppFinal";
			};
			name = Release;
		};
		5CCA22161C3AA0BD005FDA9A /* Debug */ = {
			isa = XCBuildConfiguration;
			buildSettings = {
				INFOPLIST_FILE = DReamAppFinalUITests/Info.plist;
				LD_RUNPATH_SEARCH_PATHS = "$(inherited) @executable_path/Frameworks @loader_path/Frameworks";
				PRODUCT_BUNDLE_IDENTIFIER = pfizer.DReamAppFinalUITests;
				PRODUCT_NAME = "$(TARGET_NAME)";
				TEST_TARGET_NAME = DReamAppFinal;
				USES_XCTRUNNER = YES;
			};
			name = Debug;
		};
		5CCA22171C3AA0BD005FDA9A /* Release */ = {
			isa = XCBuildConfiguration;
			buildSettings = {
				INFOPLIST_FILE = DReamAppFinalUITests/Info.plist;
				LD_RUNPATH_SEARCH_PATHS = "$(inherited) @executable_path/Frameworks @loader_path/Frameworks";
				PRODUCT_BUNDLE_IDENTIFIER = pfizer.DReamAppFinalUITests;
				PRODUCT_NAME = "$(TARGET_NAME)";
				TEST_TARGET_NAME = DReamAppFinal;
				USES_XCTRUNNER = YES;
			};
			name = Release;
		};
/* End XCBuildConfiguration section */

/* Begin XCConfigurationList section */
		5CCA21E21C3AA0BD005FDA9A /* Build configuration list for PBXProject "DReamAppFinal" */ = {
			isa = XCConfigurationList;
			buildConfigurations = (
				5CCA220D1C3AA0BD005FDA9A /* Debug */,
				5CCA220E1C3AA0BD005FDA9A /* Release */,
			);
			defaultConfigurationIsVisible = 0;
			defaultConfigurationName = Release;
		};
		5CCA220F1C3AA0BD005FDA9A /* Build configuration list for PBXNativeTarget "DReamAppFinal" */ = {
			isa = XCConfigurationList;
			buildConfigurations = (
				5CCA22101C3AA0BD005FDA9A /* Debug */,
				5CCA22111C3AA0BD005FDA9A /* Release */,
			);
			defaultConfigurationIsVisible = 0;
		};
		5CCA22121C3AA0BD005FDA9A /* Build configuration list for PBXNativeTarget "DReamAppFinalTests" */ = {
			isa = XCConfigurationList;
			buildConfigurations = (
				5CCA22131C3AA0BD005FDA9A /* Debug */,
				5CCA22141C3AA0BD005FDA9A /* Release */,
			);
			defaultConfigurationIsVisible = 0;
		};
		5CCA22151C3AA0BD005FDA9A /* Build configuration list for PBXNativeTarget "DReamAppFinalUITests" */ = {
			isa = XCConfigurationList;
			buildConfigurations = (
				5CCA22161C3AA0BD005FDA9A /* Debug */,
				5CCA22171C3AA0BD005FDA9A /* Release */,
			);
			defaultConfigurationIsVisible = 0;
		};
/* End XCConfigurationList section */
	};
	rootObject = 5CCA21DF1C3AA0BD005FDA9A /* Project object */;
}
